// !$*UTF8*$!
{
	archiveVersion = 1;
	classes = {
	};
	objectVersion = 48;
	objects = {

/* Begin PBXBuildFile section */
		00522B8C0737B1B770B18434 /* Pods_YoobieTests.framework in Frameworks */ = {isa = PBXBuildFile; fileRef = C146BBCEB6D19C2B231FDE35 /* Pods_YoobieTests.framework */; };
		2F2582D6AEAC5ECD6488E5B9 /* Pods_Yoobie.framework in Frameworks */ = {isa = PBXBuildFile; fileRef = E9A8914E4C141583A5A131FD /* Pods_Yoobie.framework */; };
		472608C51FBCF25400FEED90 /* Request.swift in Sources */ = {isa = PBXBuildFile; fileRef = 472608C41FBCF25400FEED90 /* Request.swift */; };
		476EC6611FBCCF7100E12EAD /* SignInController.swift in Sources */ = {isa = PBXBuildFile; fileRef = 476EC6601FBCCF7100E12EAD /* SignInController.swift */; };
		476EC6641FBCDDB900E12EAD /* SignInfo.swift in Sources */ = {isa = PBXBuildFile; fileRef = 476EC6631FBCDDB900E12EAD /* SignInfo.swift */; };
		479C3C7B1FBC2F7000E2A481 /* Email 75px.png in Resources */ = {isa = PBXBuildFile; fileRef = 479C3C781FBC2F6E00E2A481 /* Email 75px.png */; };
		479C3C7C1FBC2F7000E2A481 /* Password 75px.png in Resources */ = {isa = PBXBuildFile; fileRef = 479C3C791FBC2F6F00E2A481 /* Password 75px.png */; };
		479C3C7E1FBC3AD300E2A481 /* TextInput.swift in Sources */ = {isa = PBXBuildFile; fileRef = 479C3C7D1FBC3AD300E2A481 /* TextInput.swift */; };
		479C3C801FBCC48600E2A481 /* SignUpController.swift in Sources */ = {isa = PBXBuildFile; fileRef = 479C3C7F1FBCC48600E2A481 /* SignUpController.swift */; };
		47C754A61FBB9B9200456E85 /* AboutController.swift in Sources */ = {isa = PBXBuildFile; fileRef = 47C754A51FBB9B9200456E85 /* AboutController.swift */; };
		47C754A81FBBB3FD00456E85 /* PrivacyController.swift in Sources */ = {isa = PBXBuildFile; fileRef = 47C754A71FBBB3FD00456E85 /* PrivacyController.swift */; };
		47C754AA1FBBB42200456E85 /* ContactController.swift in Sources */ = {isa = PBXBuildFile; fileRef = 47C754A91FBBB42200456E85 /* ContactController.swift */; };
		47C754AC1FBBB44200456E85 /* TermsController.swift in Sources */ = {isa = PBXBuildFile; fileRef = 47C754AB1FBBB44200456E85 /* TermsController.swift */; };
		47CEE9481FB3ABF8007F1E6A /* AppDelegate.swift in Sources */ = {isa = PBXBuildFile; fileRef = 47CEE9471FB3ABF8007F1E6A /* AppDelegate.swift */; };
		47CEE94D1FB3ABF8007F1E6A /* Main.storyboard in Resources */ = {isa = PBXBuildFile; fileRef = 47CEE94B1FB3ABF8007F1E6A /* Main.storyboard */; };
		47CEE9501FB3ABF8007F1E6A /* Yoobie.xcdatamodeld in Sources */ = {isa = PBXBuildFile; fileRef = 47CEE94E1FB3ABF8007F1E6A /* Yoobie.xcdatamodeld */; };
		47CEE9521FB3ABF8007F1E6A /* Assets.xcassets in Resources */ = {isa = PBXBuildFile; fileRef = 47CEE9511FB3ABF8007F1E6A /* Assets.xcassets */; };
		47CEE9551FB3ABF8007F1E6A /* LaunchScreen.storyboard in Resources */ = {isa = PBXBuildFile; fileRef = 47CEE9531FB3ABF8007F1E6A /* LaunchScreen.storyboard */; };
		47CEE9601FB3ABF8007F1E6A /* YoobieTests.swift in Sources */ = {isa = PBXBuildFile; fileRef = 47CEE95F1FB3ABF8007F1E6A /* YoobieTests.swift */; };
		47CEE96B1FB3ABF8007F1E6A /* YoobieUITests.swift in Sources */ = {isa = PBXBuildFile; fileRef = 47CEE96A1FB3ABF8007F1E6A /* YoobieUITests.swift */; };
		47D3421E1FB43B510091A724 /* Mobile Girl FULL HD.JPG in Resources */ = {isa = PBXBuildFile; fileRef = 47D3421D1FB43B510091A724 /* Mobile Girl FULL HD.JPG */; };
		47D342201FB45A8E0091A724 /* PageController.swift in Sources */ = {isa = PBXBuildFile; fileRef = 47D3421F1FB45A8E0091A724 /* PageController.swift */; };
		47D342251FB4FBA60091A724 /* MainViewController.swift in Sources */ = {isa = PBXBuildFile; fileRef = 47D342241FB4FBA60091A724 /* MainViewController.swift */; };
		47D342271FB519450091A724 /* HomeController.swift in Sources */ = {isa = PBXBuildFile; fileRef = 47D342261FB519450091A724 /* HomeController.swift */; };
		47D342291FB5197E0091A724 /* ProfileController.swift in Sources */ = {isa = PBXBuildFile; fileRef = 47D342281FB5197E0091A724 /* ProfileController.swift */; };
		47D3422B1FB519910091A724 /* PrizeController.swift in Sources */ = {isa = PBXBuildFile; fileRef = 47D3422A1FB519910091A724 /* PrizeController.swift */; };
		47D342301FB55A130091A724 /* Notify.swift in Sources */ = {isa = PBXBuildFile; fileRef = 47D3422F1FB55A130091A724 /* Notify.swift */; };
		47D342331FB560C40091A724 /* CountdownView.xib in Resources */ = {isa = PBXBuildFile; fileRef = 47D342321FB560C40091A724 /* CountdownView.xib */; };
		47D342351FB56B170091A724 /* CountdownView.swift in Sources */ = {isa = PBXBuildFile; fileRef = 47D342341FB56B170091A724 /* CountdownView.swift */; };
		47D3423D1FB5A0230091A724 /* Dark Prizes Icon.png in Resources */ = {isa = PBXBuildFile; fileRef = 47D342361FB5A0220091A724 /* Dark Prizes Icon.png */; };
		47D3423E1FB5A0230091A724 /* Light Home Icon.png in Resources */ = {isa = PBXBuildFile; fileRef = 47D342371FB5A0220091A724 /* Light Home Icon.png */; };
		47D3423F1FB5A0230091A724 /* Jumping Girl FULL HD.JPG in Resources */ = {isa = PBXBuildFile; fileRef = 47D342381FB5A0230091A724 /* Jumping Girl FULL HD.JPG */; };
		47D342401FB5A0230091A724 /* Dark Home Icon.png in Resources */ = {isa = PBXBuildFile; fileRef = 47D342391FB5A0230091A724 /* Dark Home Icon.png */; };
		47D342411FB5A0230091A724 /* Dark Settings Icon.png in Resources */ = {isa = PBXBuildFile; fileRef = 47D3423A1FB5A0230091A724 /* Dark Settings Icon.png */; };
		47D342421FB5A0230091A724 /* Hamburger New.png in Resources */ = {isa = PBXBuildFile; fileRef = 47D3423B1FB5A0230091A724 /* Hamburger New.png */; };
		47D342431FB5A0230091A724 /* Dark Profile Icon.png in Resources */ = {isa = PBXBuildFile; fileRef = 47D3423C1FB5A0230091A724 /* Dark Profile Icon.png */; };
		47D342471FB66AFE0091A724 /* RootController.swift in Sources */ = {isa = PBXBuildFile; fileRef = 47D342461FB66AFE0091A724 /* RootController.swift */; };
		47D342571FB69AFB0091A724 /* Email Icon.png in Resources */ = {isa = PBXBuildFile; fileRef = 47D342481FB69AFA0091A724 /* Email Icon.png */; };
		47D342581FB69AFC0091A724 /* Light Prizes Icon.png in Resources */ = {isa = PBXBuildFile; fileRef = 47D342491FB69AFA0091A724 /* Light Prizes Icon.png */; };
		47D342591FB69AFC0091A724 /* Privacy Icon.png in Resources */ = {isa = PBXBuildFile; fileRef = 47D3424A1FB69AFA0091A724 /* Privacy Icon.png */; };
		47D3425A1FB69AFC0091A724 /* Gender Icon.png in Resources */ = {isa = PBXBuildFile; fileRef = 47D3424B1FB69AFA0091A724 /* Gender Icon.png */; };
		47D3425B1FB69AFC0091A724 /* Location Icon.png in Resources */ = {isa = PBXBuildFile; fileRef = 47D3424C1FB69AFA0091A724 /* Location Icon.png */; };
		47D3425C1FB69AFC0091A724 /* Terms Icon.png in Resources */ = {isa = PBXBuildFile; fileRef = 47D3424D1FB69AFA0091A724 /* Terms Icon.png */; };
		47D3425D1FB69AFC0091A724 /* Profile Icon.png in Resources */ = {isa = PBXBuildFile; fileRef = 47D3424E1FB69AFB0091A724 /* Profile Icon.png */; };
		47D3425E1FB69AFC0091A724 /* Light Profile Icon.png in Resources */ = {isa = PBXBuildFile; fileRef = 47D3424F1FB69AFB0091A724 /* Light Profile Icon.png */; };
		47D3425F1FB69AFC0091A724 /* Light Settings Icon.png in Resources */ = {isa = PBXBuildFile; fileRef = 47D342501FB69AFB0091A724 /* Light Settings Icon.png */; };
		47D342601FB69AFC0091A724 /* Yoobie Finger Logo.png in Resources */ = {isa = PBXBuildFile; fileRef = 47D342511FB69AFB0091A724 /* Yoobie Finger Logo.png */; };
		47D342611FB69AFC0091A724 /* DOB Icon.png in Resources */ = {isa = PBXBuildFile; fileRef = 47D342521FB69AFB0091A724 /* DOB Icon.png */; };
		47D342621FB69AFC0091A724 /* Phone Icon.png in Resources */ = {isa = PBXBuildFile; fileRef = 47D342531FB69AFB0091A724 /* Phone Icon.png */; };
		47D342631FB69AFC0091A724 /* About Icon.png in Resources */ = {isa = PBXBuildFile; fileRef = 47D342541FB69AFB0091A724 /* About Icon.png */; };
		47D342641FB69AFC0091A724 /* Back Arrow.png in Resources */ = {isa = PBXBuildFile; fileRef = 47D342551FB69AFB0091A724 /* Back Arrow.png */; };
		47D342651FB69AFC0091A724 /* How it works Icon.png in Resources */ = {isa = PBXBuildFile; fileRef = 47D342561FB69AFB0091A724 /* How it works Icon.png */; };
		47D342691FB8E6EC0091A724 /* SettingController.swift in Sources */ = {isa = PBXBuildFile; fileRef = 47D342681FB8E6EC0091A724 /* SettingController.swift */; };
		47D3426D1FB8EF6A0091A724 /* Replay Icon 360px_1.png in Resources */ = {isa = PBXBuildFile; fileRef = 47D3426B1FB8EF690091A724 /* Replay Icon 360px_1.png */; };
		47D3426F1FB8FE270091A724 /* Add Profile Pic 360px.png in Resources */ = {isa = PBXBuildFile; fileRef = 47D3426E1FB8FE270091A724 /* Add Profile Pic 360px.png */; };
		47D343051FB982C50091A724 /* WaveProgressView.m in Sources */ = {isa = PBXBuildFile; fileRef = 47D342FE1FB982C40091A724 /* WaveProgressView.m */; };
		47D343061FB982C50091A724 /* WaveView.m in Sources */ = {isa = PBXBuildFile; fileRef = 47D343021FB982C40091A724 /* WaveView.m */; };
		47D343071FB982C50091A724 /* TargetWeakProxy.m in Sources */ = {isa = PBXBuildFile; fileRef = 47D343041FB982C50091A724 /* TargetWeakProxy.m */; };
		47D343091FB9900A0091A724 /* Profile Head White 150px.png in Resources */ = {isa = PBXBuildFile; fileRef = 47D343081FB990090091A724 /* Profile Head White 150px.png */; };
		47D3430B1FB9C0EE0091A724 /* Asset 14@0.5x.png in Resources */ = {isa = PBXBuildFile; fileRef = 47D3430A1FB9C0EE0091A724 /* Asset 14@0.5x.png */; };
		47D3430D1FB9C2300091A724 /* edit_icon.png in Resources */ = {isa = PBXBuildFile; fileRef = 47D3430C1FB9C2300091A724 /* edit_icon.png */; };
		47D3430F1FBA5CAA0091A724 /* BigMac-Print.jpg in Resources */ = {isa = PBXBuildFile; fileRef = 47D3430E1FBA5CA90091A724 /* BigMac-Print.jpg */; };
		47D343111FBA5F990091A724 /* SplashController.swift in Sources */ = {isa = PBXBuildFile; fileRef = 47D343101FBA5F990091A724 /* SplashController.swift */; };
		47D343161FBA6DE40091A724 /* Kit.swift in Sources */ = {isa = PBXBuildFile; fileRef = 47D343131FBA6DE40091A724 /* Kit.swift */; };
		47D343171FBA6DE40091A724 /* Pref.swift in Sources */ = {isa = PBXBuildFile; fileRef = 47D343141FBA6DE40091A724 /* Pref.swift */; };
		47D343181FBA6DE40091A724 /* Toast.swift in Sources */ = {isa = PBXBuildFile; fileRef = 47D343151FBA6DE40091A724 /* Toast.swift */; };
		47D3431A1FBA89E60091A724 /* MenuController.swift in Sources */ = {isa = PBXBuildFile; fileRef = 47D343191FBA89E60091A724 /* MenuController.swift */; };
		C49B21CF0688DAF31ABB45FC /* Pods_YoobieUITests.framework in Frameworks */ = {isa = PBXBuildFile; fileRef = 278792C353936520C02FD227 /* Pods_YoobieUITests.framework */; };
/* End PBXBuildFile section */

/* Begin PBXContainerItemProxy section */
		47CEE95C1FB3ABF8007F1E6A /* PBXContainerItemProxy */ = {
			isa = PBXContainerItemProxy;
			containerPortal = 47CEE93C1FB3ABF8007F1E6A /* Project object */;
			proxyType = 1;
			remoteGlobalIDString = 47CEE9431FB3ABF8007F1E6A;
			remoteInfo = Yoobie;
		};
		47CEE9671FB3ABF8007F1E6A /* PBXContainerItemProxy */ = {
			isa = PBXContainerItemProxy;
			containerPortal = 47CEE93C1FB3ABF8007F1E6A /* Project object */;
			proxyType = 1;
			remoteGlobalIDString = 47CEE9431FB3ABF8007F1E6A;
			remoteInfo = Yoobie;
		};
/* End PBXContainerItemProxy section */

/* Begin PBXFileReference section */
		013AAE073EC2538D34B91792 /* Pods-Yoobie.release.xcconfig */ = {isa = PBXFileReference; includeInIndex = 1; lastKnownFileType = text.xcconfig; name = "Pods-Yoobie.release.xcconfig"; path = "Pods/Target Support Files/Pods-Yoobie/Pods-Yoobie.release.xcconfig"; sourceTree = "<group>"; };
		278792C353936520C02FD227 /* Pods_YoobieUITests.framework */ = {isa = PBXFileReference; explicitFileType = wrapper.framework; includeInIndex = 0; path = Pods_YoobieUITests.framework; sourceTree = BUILT_PRODUCTS_DIR; };
		472608C41FBCF25400FEED90 /* Request.swift */ = {isa = PBXFileReference; fileEncoding = 4; lastKnownFileType = sourcecode.swift; path = Request.swift; sourceTree = "<group>"; };
		476EC6601FBCCF7100E12EAD /* SignInController.swift */ = {isa = PBXFileReference; lastKnownFileType = sourcecode.swift; path = SignInController.swift; sourceTree = "<group>"; };
		476EC6631FBCDDB900E12EAD /* SignInfo.swift */ = {isa = PBXFileReference; lastKnownFileType = sourcecode.swift; path = SignInfo.swift; sourceTree = "<group>"; };
		479C3C781FBC2F6E00E2A481 /* Email 75px.png */ = {isa = PBXFileReference; lastKnownFileType = image.png; path = "Email 75px.png"; sourceTree = "<group>"; };
		479C3C791FBC2F6F00E2A481 /* Password 75px.png */ = {isa = PBXFileReference; lastKnownFileType = image.png; path = "Password 75px.png"; sourceTree = "<group>"; };
		479C3C7D1FBC3AD300E2A481 /* TextInput.swift */ = {isa = PBXFileReference; lastKnownFileType = sourcecode.swift; path = TextInput.swift; sourceTree = "<group>"; };
		479C3C7F1FBCC48600E2A481 /* SignUpController.swift */ = {isa = PBXFileReference; lastKnownFileType = sourcecode.swift; path = SignUpController.swift; sourceTree = "<group>"; };
		47C754A51FBB9B9200456E85 /* AboutController.swift */ = {isa = PBXFileReference; lastKnownFileType = sourcecode.swift; path = AboutController.swift; sourceTree = "<group>"; };
		47C754A71FBBB3FD00456E85 /* PrivacyController.swift */ = {isa = PBXFileReference; lastKnownFileType = sourcecode.swift; path = PrivacyController.swift; sourceTree = "<group>"; };
		47C754A91FBBB42200456E85 /* ContactController.swift */ = {isa = PBXFileReference; lastKnownFileType = sourcecode.swift; path = ContactController.swift; sourceTree = "<group>"; };
		47C754AB1FBBB44200456E85 /* TermsController.swift */ = {isa = PBXFileReference; lastKnownFileType = sourcecode.swift; path = TermsController.swift; sourceTree = "<group>"; };
		47CEE9441FB3ABF8007F1E6A /* Yoobie.app */ = {isa = PBXFileReference; explicitFileType = wrapper.application; includeInIndex = 0; path = Yoobie.app; sourceTree = BUILT_PRODUCTS_DIR; };
		47CEE9471FB3ABF8007F1E6A /* AppDelegate.swift */ = {isa = PBXFileReference; lastKnownFileType = sourcecode.swift; path = AppDelegate.swift; sourceTree = "<group>"; };
		47CEE94C1FB3ABF8007F1E6A /* Base */ = {isa = PBXFileReference; lastKnownFileType = file.storyboard; name = Base; path = Base.lproj/Main.storyboard; sourceTree = "<group>"; };
		47CEE94F1FB3ABF8007F1E6A /* Yoobie.xcdatamodel */ = {isa = PBXFileReference; lastKnownFileType = wrapper.xcdatamodel; path = Yoobie.xcdatamodel; sourceTree = "<group>"; };
		47CEE9511FB3ABF8007F1E6A /* Assets.xcassets */ = {isa = PBXFileReference; lastKnownFileType = folder.assetcatalog; path = Assets.xcassets; sourceTree = "<group>"; };
		47CEE9541FB3ABF8007F1E6A /* Base */ = {isa = PBXFileReference; lastKnownFileType = file.storyboard; name = Base; path = Base.lproj/LaunchScreen.storyboard; sourceTree = "<group>"; };
		47CEE9561FB3ABF8007F1E6A /* Info.plist */ = {isa = PBXFileReference; lastKnownFileType = text.plist.xml; path = Info.plist; sourceTree = "<group>"; };
		47CEE95B1FB3ABF8007F1E6A /* YoobieTests.xctest */ = {isa = PBXFileReference; explicitFileType = wrapper.cfbundle; includeInIndex = 0; path = YoobieTests.xctest; sourceTree = BUILT_PRODUCTS_DIR; };
		47CEE95F1FB3ABF8007F1E6A /* YoobieTests.swift */ = {isa = PBXFileReference; lastKnownFileType = sourcecode.swift; path = YoobieTests.swift; sourceTree = "<group>"; };
		47CEE9611FB3ABF8007F1E6A /* Info.plist */ = {isa = PBXFileReference; lastKnownFileType = text.plist.xml; path = Info.plist; sourceTree = "<group>"; };
		47CEE9661FB3ABF8007F1E6A /* YoobieUITests.xctest */ = {isa = PBXFileReference; explicitFileType = wrapper.cfbundle; includeInIndex = 0; path = YoobieUITests.xctest; sourceTree = BUILT_PRODUCTS_DIR; };
		47CEE96A1FB3ABF8007F1E6A /* YoobieUITests.swift */ = {isa = PBXFileReference; lastKnownFileType = sourcecode.swift; path = YoobieUITests.swift; sourceTree = "<group>"; };
		47CEE96C1FB3ABF8007F1E6A /* Info.plist */ = {isa = PBXFileReference; lastKnownFileType = text.plist.xml; path = Info.plist; sourceTree = "<group>"; };
		47D3421D1FB43B510091A724 /* Mobile Girl FULL HD.JPG */ = {isa = PBXFileReference; lastKnownFileType = image.jpeg; name = "Mobile Girl FULL HD.JPG"; path = "../../../../Downloads/Mobile Girl FULL HD.JPG"; sourceTree = "<group>"; };
		47D3421F1FB45A8E0091A724 /* PageController.swift */ = {isa = PBXFileReference; lastKnownFileType = sourcecode.swift; path = PageController.swift; sourceTree = "<group>"; };
		47D342241FB4FBA60091A724 /* MainViewController.swift */ = {isa = PBXFileReference; lastKnownFileType = sourcecode.swift; path = MainViewController.swift; sourceTree = "<group>"; };
		47D342261FB519450091A724 /* HomeController.swift */ = {isa = PBXFileReference; lastKnownFileType = sourcecode.swift; path = HomeController.swift; sourceTree = "<group>"; };
		47D342281FB5197E0091A724 /* ProfileController.swift */ = {isa = PBXFileReference; lastKnownFileType = sourcecode.swift; path = ProfileController.swift; sourceTree = "<group>"; };
		47D3422A1FB519910091A724 /* PrizeController.swift */ = {isa = PBXFileReference; lastKnownFileType = sourcecode.swift; path = PrizeController.swift; sourceTree = "<group>"; };
		47D3422F1FB55A130091A724 /* Notify.swift */ = {isa = PBXFileReference; lastKnownFileType = sourcecode.swift; path = Notify.swift; sourceTree = "<group>"; };
		47D342321FB560C40091A724 /* CountdownView.xib */ = {isa = PBXFileReference; lastKnownFileType = file.xib; path = CountdownView.xib; sourceTree = "<group>"; };
		47D342341FB56B170091A724 /* CountdownView.swift */ = {isa = PBXFileReference; lastKnownFileType = sourcecode.swift; path = CountdownView.swift; sourceTree = "<group>"; };
		47D342361FB5A0220091A724 /* Dark Prizes Icon.png */ = {isa = PBXFileReference; lastKnownFileType = image.png; name = "Dark Prizes Icon.png"; path = "../../../../Desktop/yoobie assets/Dark Prizes Icon.png"; sourceTree = "<group>"; };
		47D342371FB5A0220091A724 /* Light Home Icon.png */ = {isa = PBXFileReference; lastKnownFileType = image.png; name = "Light Home Icon.png"; path = "../../../../Desktop/yoobie assets/Light Home Icon.png"; sourceTree = "<group>"; };
		47D342381FB5A0230091A724 /* Jumping Girl FULL HD.JPG */ = {isa = PBXFileReference; lastKnownFileType = image.jpeg; name = "Jumping Girl FULL HD.JPG"; path = "../../../../Desktop/yoobie assets/Jumping Girl FULL HD.JPG"; sourceTree = "<group>"; };
		47D342391FB5A0230091A724 /* Dark Home Icon.png */ = {isa = PBXFileReference; lastKnownFileType = image.png; name = "Dark Home Icon.png"; path = "../../../../Desktop/yoobie assets/Dark Home Icon.png"; sourceTree = "<group>"; };
		47D3423A1FB5A0230091A724 /* Dark Settings Icon.png */ = {isa = PBXFileReference; lastKnownFileType = image.png; name = "Dark Settings Icon.png"; path = "../../../../Desktop/yoobie assets/Dark Settings Icon.png"; sourceTree = "<group>"; };
		47D3423B1FB5A0230091A724 /* Hamburger New.png */ = {isa = PBXFileReference; lastKnownFileType = image.png; name = "Hamburger New.png"; path = "../../../../Desktop/yoobie assets/Hamburger New.png"; sourceTree = "<group>"; };
		47D3423C1FB5A0230091A724 /* Dark Profile Icon.png */ = {isa = PBXFileReference; lastKnownFileType = image.png; name = "Dark Profile Icon.png"; path = "../../../../Desktop/yoobie assets/Dark Profile Icon.png"; sourceTree = "<group>"; };
		47D342461FB66AFE0091A724 /* RootController.swift */ = {isa = PBXFileReference; lastKnownFileType = sourcecode.swift; path = RootController.swift; sourceTree = "<group>"; };
		47D342481FB69AFA0091A724 /* Email Icon.png */ = {isa = PBXFileReference; lastKnownFileType = image.png; name = "Email Icon.png"; path = "../../../../Desktop/yoobie assets/Email Icon.png"; sourceTree = "<group>"; };
		47D342491FB69AFA0091A724 /* Light Prizes Icon.png */ = {isa = PBXFileReference; lastKnownFileType = image.png; name = "Light Prizes Icon.png"; path = "../../../../Desktop/yoobie assets/Light Prizes Icon.png"; sourceTree = "<group>"; };
		47D3424A1FB69AFA0091A724 /* Privacy Icon.png */ = {isa = PBXFileReference; lastKnownFileType = image.png; name = "Privacy Icon.png"; path = "../../../../Desktop/yoobie assets/Privacy Icon.png"; sourceTree = "<group>"; };
		47D3424B1FB69AFA0091A724 /* Gender Icon.png */ = {isa = PBXFileReference; lastKnownFileType = image.png; name = "Gender Icon.png"; path = "../../../../Desktop/yoobie assets/Gender Icon.png"; sourceTree = "<group>"; };
		47D3424C1FB69AFA0091A724 /* Location Icon.png */ = {isa = PBXFileReference; lastKnownFileType = image.png; name = "Location Icon.png"; path = "../../../../Desktop/yoobie assets/Location Icon.png"; sourceTree = "<group>"; };
		47D3424D1FB69AFA0091A724 /* Terms Icon.png */ = {isa = PBXFileReference; lastKnownFileType = image.png; name = "Terms Icon.png"; path = "../../../../Desktop/yoobie assets/Terms Icon.png"; sourceTree = "<group>"; };
		47D3424E1FB69AFB0091A724 /* Profile Icon.png */ = {isa = PBXFileReference; lastKnownFileType = image.png; name = "Profile Icon.png"; path = "../../../../Desktop/yoobie assets/Profile Icon.png"; sourceTree = "<group>"; };
		47D3424F1FB69AFB0091A724 /* Light Profile Icon.png */ = {isa = PBXFileReference; lastKnownFileType = image.png; name = "Light Profile Icon.png"; path = "../../../../Desktop/yoobie assets/Light Profile Icon.png"; sourceTree = "<group>"; };
		47D342501FB69AFB0091A724 /* Light Settings Icon.png */ = {isa = PBXFileReference; lastKnownFileType = image.png; name = "Light Settings Icon.png"; path = "../../../../Desktop/yoobie assets/Light Settings Icon.png"; sourceTree = "<group>"; };
		47D342511FB69AFB0091A724 /* Yoobie Finger Logo.png */ = {isa = PBXFileReference; lastKnownFileType = image.png; name = "Yoobie Finger Logo.png"; path = "../../../../Desktop/yoobie assets/Yoobie Finger Logo.png"; sourceTree = "<group>"; };
		47D342521FB69AFB0091A724 /* DOB Icon.png */ = {isa = PBXFileReference; lastKnownFileType = image.png; name = "DOB Icon.png"; path = "../../../../Desktop/yoobie assets/DOB Icon.png"; sourceTree = "<group>"; };
		47D342531FB69AFB0091A724 /* Phone Icon.png */ = {isa = PBXFileReference; lastKnownFileType = image.png; name = "Phone Icon.png"; path = "../../../../Desktop/yoobie assets/Phone Icon.png"; sourceTree = "<group>"; };
		47D342541FB69AFB0091A724 /* About Icon.png */ = {isa = PBXFileReference; lastKnownFileType = image.png; name = "About Icon.png"; path = "../../../../Desktop/yoobie assets/About Icon.png"; sourceTree = "<group>"; };
		47D342551FB69AFB0091A724 /* Back Arrow.png */ = {isa = PBXFileReference; lastKnownFileType = image.png; name = "Back Arrow.png"; path = "../../../../Desktop/yoobie assets/Back Arrow.png"; sourceTree = "<group>"; };
		47D342561FB69AFB0091A724 /* How it works Icon.png */ = {isa = PBXFileReference; lastKnownFileType = image.png; name = "How it works Icon.png"; path = "../../../../Desktop/yoobie assets/How it works Icon.png"; sourceTree = "<group>"; };
		47D342681FB8E6EC0091A724 /* SettingController.swift */ = {isa = PBXFileReference; lastKnownFileType = sourcecode.swift; path = SettingController.swift; sourceTree = "<group>"; };
		47D3426B1FB8EF690091A724 /* Replay Icon 360px_1.png */ = {isa = PBXFileReference; lastKnownFileType = image.png; path = "Replay Icon 360px_1.png"; sourceTree = "<group>"; };
		47D3426E1FB8FE270091A724 /* Add Profile Pic 360px.png */ = {isa = PBXFileReference; lastKnownFileType = image.png; path = "Add Profile Pic 360px.png"; sourceTree = "<group>"; };
		47D342F41FB933D80091A724 /* Yoobie-Bridging-Header.h */ = {isa = PBXFileReference; lastKnownFileType = sourcecode.c.h; path = "Yoobie-Bridging-Header.h"; sourceTree = "<group>"; };
		47D342FE1FB982C40091A724 /* WaveProgressView.m */ = {isa = PBXFileReference; fileEncoding = 4; lastKnownFileType = sourcecode.c.objc; path = WaveProgressView.m; sourceTree = "<group>"; };
		47D342FF1FB982C40091A724 /* TargetWeakProxy.h */ = {isa = PBXFileReference; fileEncoding = 4; lastKnownFileType = sourcecode.c.h; path = TargetWeakProxy.h; sourceTree = "<group>"; };
		47D343001FB982C40091A724 /* WaveView.h */ = {isa = PBXFileReference; fileEncoding = 4; lastKnownFileType = sourcecode.c.h; path = WaveView.h; sourceTree = "<group>"; };
		47D343011FB982C40091A724 /* Wave.h */ = {isa = PBXFileReference; fileEncoding = 4; lastKnownFileType = sourcecode.c.h; path = Wave.h; sourceTree = "<group>"; };
		47D343021FB982C40091A724 /* WaveView.m */ = {isa = PBXFileReference; fileEncoding = 4; lastKnownFileType = sourcecode.c.objc; path = WaveView.m; sourceTree = "<group>"; };
		47D343031FB982C50091A724 /* WaveProgressView.h */ = {isa = PBXFileReference; fileEncoding = 4; lastKnownFileType = sourcecode.c.h; path = WaveProgressView.h; sourceTree = "<group>"; };
		47D343041FB982C50091A724 /* TargetWeakProxy.m */ = {isa = PBXFileReference; fileEncoding = 4; lastKnownFileType = sourcecode.c.objc; path = TargetWeakProxy.m; sourceTree = "<group>"; };
		47D343081FB990090091A724 /* Profile Head White 150px.png */ = {isa = PBXFileReference; lastKnownFileType = image.png; path = "Profile Head White 150px.png"; sourceTree = "<group>"; };
		47D3430A1FB9C0EE0091A724 /* Asset 14@0.5x.png */ = {isa = PBXFileReference; lastKnownFileType = image.png; path = "Asset 14@0.5x.png"; sourceTree = "<group>"; };
		47D3430C1FB9C2300091A724 /* edit_icon.png */ = {isa = PBXFileReference; lastKnownFileType = image.png; path = edit_icon.png; sourceTree = "<group>"; };
		47D3430E1FBA5CA90091A724 /* BigMac-Print.jpg */ = {isa = PBXFileReference; lastKnownFileType = image.jpeg; path = "BigMac-Print.jpg"; sourceTree = "<group>"; };
		47D343101FBA5F990091A724 /* SplashController.swift */ = {isa = PBXFileReference; lastKnownFileType = sourcecode.swift; path = SplashController.swift; sourceTree = "<group>"; };
		47D343131FBA6DE40091A724 /* Kit.swift */ = {isa = PBXFileReference; fileEncoding = 4; lastKnownFileType = sourcecode.swift; path = Kit.swift; sourceTree = "<group>"; };
		47D343141FBA6DE40091A724 /* Pref.swift */ = {isa = PBXFileReference; fileEncoding = 4; lastKnownFileType = sourcecode.swift; path = Pref.swift; sourceTree = "<group>"; };
		47D343151FBA6DE40091A724 /* Toast.swift */ = {isa = PBXFileReference; fileEncoding = 4; lastKnownFileType = sourcecode.swift; path = Toast.swift; sourceTree = "<group>"; };
		47D343191FBA89E60091A724 /* MenuController.swift */ = {isa = PBXFileReference; lastKnownFileType = sourcecode.swift; path = MenuController.swift; sourceTree = "<group>"; };
		63CEA93E3F2544F4E3995637 /* Pods-YoobieTests.debug.xcconfig */ = {isa = PBXFileReference; includeInIndex = 1; lastKnownFileType = text.xcconfig; name = "Pods-YoobieTests.debug.xcconfig"; path = "Pods/Target Support Files/Pods-YoobieTests/Pods-YoobieTests.debug.xcconfig"; sourceTree = "<group>"; };
		854EFA2C20BC4655643EB7BC /* Pods-YoobieUITests.release.xcconfig */ = {isa = PBXFileReference; includeInIndex = 1; lastKnownFileType = text.xcconfig; name = "Pods-YoobieUITests.release.xcconfig"; path = "Pods/Target Support Files/Pods-YoobieUITests/Pods-YoobieUITests.release.xcconfig"; sourceTree = "<group>"; };
		8C63E96F393034648755BE44 /* Pods-Yoobie.debug.xcconfig */ = {isa = PBXFileReference; includeInIndex = 1; lastKnownFileType = text.xcconfig; name = "Pods-Yoobie.debug.xcconfig"; path = "Pods/Target Support Files/Pods-Yoobie/Pods-Yoobie.debug.xcconfig"; sourceTree = "<group>"; };
		C146BBCEB6D19C2B231FDE35 /* Pods_YoobieTests.framework */ = {isa = PBXFileReference; explicitFileType = wrapper.framework; includeInIndex = 0; path = Pods_YoobieTests.framework; sourceTree = BUILT_PRODUCTS_DIR; };
		D280BF59C96DAA643228CF25 /* Pods-YoobieUITests.debug.xcconfig */ = {isa = PBXFileReference; includeInIndex = 1; lastKnownFileType = text.xcconfig; name = "Pods-YoobieUITests.debug.xcconfig"; path = "Pods/Target Support Files/Pods-YoobieUITests/Pods-YoobieUITests.debug.xcconfig"; sourceTree = "<group>"; };
		E9A8914E4C141583A5A131FD /* Pods_Yoobie.framework */ = {isa = PBXFileReference; explicitFileType = wrapper.framework; includeInIndex = 0; path = Pods_Yoobie.framework; sourceTree = BUILT_PRODUCTS_DIR; };
		EF85A21C58F5380C46F53D73 /* Pods-YoobieTests.release.xcconfig */ = {isa = PBXFileReference; includeInIndex = 1; lastKnownFileType = text.xcconfig; name = "Pods-YoobieTests.release.xcconfig"; path = "Pods/Target Support Files/Pods-YoobieTests/Pods-YoobieTests.release.xcconfig"; sourceTree = "<group>"; };
/* End PBXFileReference section */

/* Begin PBXFrameworksBuildPhase section */
		47CEE9411FB3ABF8007F1E6A /* Frameworks */ = {
			isa = PBXFrameworksBuildPhase;
			buildActionMask = 2147483647;
			files = (
				2F2582D6AEAC5ECD6488E5B9 /* Pods_Yoobie.framework in Frameworks */,
			);
			runOnlyForDeploymentPostprocessing = 0;
		};
		47CEE9581FB3ABF8007F1E6A /* Frameworks */ = {
			isa = PBXFrameworksBuildPhase;
			buildActionMask = 2147483647;
			files = (
				00522B8C0737B1B770B18434 /* Pods_YoobieTests.framework in Frameworks */,
			);
			runOnlyForDeploymentPostprocessing = 0;
		};
		47CEE9631FB3ABF8007F1E6A /* Frameworks */ = {
			isa = PBXFrameworksBuildPhase;
			buildActionMask = 2147483647;
			files = (
				C49B21CF0688DAF31ABB45FC /* Pods_YoobieUITests.framework in Frameworks */,
			);
			runOnlyForDeploymentPostprocessing = 0;
		};
/* End PBXFrameworksBuildPhase section */

/* Begin PBXGroup section */
		3B99E94B0EFDC1089239B11D /* Frameworks */ = {
			isa = PBXGroup;
			children = (
				E9A8914E4C141583A5A131FD /* Pods_Yoobie.framework */,
				C146BBCEB6D19C2B231FDE35 /* Pods_YoobieTests.framework */,
				278792C353936520C02FD227 /* Pods_YoobieUITests.framework */,
			);
			name = Frameworks;
			sourceTree = "<group>";
		};
		476EC6621FBCDD7900E12EAD /* models */ = {
			isa = PBXGroup;
			children = (
				476EC6631FBCDDB900E12EAD /* SignInfo.swift */,
			);
			path = models;
			sourceTree = "<group>";
		};
		47CEE93B1FB3ABF8007F1E6A = {
			isa = PBXGroup;
			children = (
				47CEE9461FB3ABF8007F1E6A /* Yoobie */,
				47CEE95E1FB3ABF8007F1E6A /* YoobieTests */,
				47CEE9691FB3ABF8007F1E6A /* YoobieUITests */,
				47CEE9451FB3ABF8007F1E6A /* Products */,
				6D9FF94B6F4B2EC3D60AD67E /* Pods */,
				3B99E94B0EFDC1089239B11D /* Frameworks */,
			);
			sourceTree = "<group>";
		};
		47CEE9451FB3ABF8007F1E6A /* Products */ = {
			isa = PBXGroup;
			children = (
				47CEE9441FB3ABF8007F1E6A /* Yoobie.app */,
				47CEE95B1FB3ABF8007F1E6A /* YoobieTests.xctest */,
				47CEE9661FB3ABF8007F1E6A /* YoobieUITests.xctest */,
			);
			name = Products;
			sourceTree = "<group>";
		};
		47CEE9461FB3ABF8007F1E6A /* Yoobie */ = {
			isa = PBXGroup;
			children = (
				476EC6621FBCDD7900E12EAD /* models */,
				47D343121FBA6BD30091A724 /* extraPages */,
				47D342451FB66AD40091A724 /* utils */,
				47D342311FB560830091A724 /* wedges */,
				47D3422E1FB559F80091A724 /* tools */,
				47D342211FB4FB3E0091A724 /* pages */,
				47D3421C1FB43B180091A724 /* images */,
				47CEE9471FB3ABF8007F1E6A /* AppDelegate.swift */,
				47CEE94B1FB3ABF8007F1E6A /* Main.storyboard */,
				47CEE9511FB3ABF8007F1E6A /* Assets.xcassets */,
				47CEE9531FB3ABF8007F1E6A /* LaunchScreen.storyboard */,
				47CEE9561FB3ABF8007F1E6A /* Info.plist */,
				47CEE94E1FB3ABF8007F1E6A /* Yoobie.xcdatamodeld */,
			);
			path = Yoobie;
			sourceTree = "<group>";
		};
		47CEE95E1FB3ABF8007F1E6A /* YoobieTests */ = {
			isa = PBXGroup;
			children = (
				47CEE95F1FB3ABF8007F1E6A /* YoobieTests.swift */,
				47CEE9611FB3ABF8007F1E6A /* Info.plist */,
			);
			path = YoobieTests;
			sourceTree = "<group>";
		};
		47CEE9691FB3ABF8007F1E6A /* YoobieUITests */ = {
			isa = PBXGroup;
			children = (
				47CEE96A1FB3ABF8007F1E6A /* YoobieUITests.swift */,
				47CEE96C1FB3ABF8007F1E6A /* Info.plist */,
			);
			path = YoobieUITests;
			sourceTree = "<group>";
		};
		47D3421C1FB43B180091A724 /* images */ = {
			isa = PBXGroup;
			children = (
				47D3426B1FB8EF690091A724 /* Replay Icon 360px_1.png */,
				47D342541FB69AFB0091A724 /* About Icon.png */,
				479C3C781FBC2F6E00E2A481 /* Email 75px.png */,
				479C3C791FBC2F6F00E2A481 /* Password 75px.png */,
				47D3430E1FBA5CA90091A724 /* BigMac-Print.jpg */,
				47D3430A1FB9C0EE0091A724 /* Asset 14@0.5x.png */,
				47D3430C1FB9C2300091A724 /* edit_icon.png */,
				47D342551FB69AFB0091A724 /* Back Arrow.png */,
				47D3426E1FB8FE270091A724 /* Add Profile Pic 360px.png */,
				47D342521FB69AFB0091A724 /* DOB Icon.png */,
				47D343081FB990090091A724 /* Profile Head White 150px.png */,
				47D342481FB69AFA0091A724 /* Email Icon.png */,
				47D3424B1FB69AFA0091A724 /* Gender Icon.png */,
				47D342561FB69AFB0091A724 /* How it works Icon.png */,
				47D342491FB69AFA0091A724 /* Light Prizes Icon.png */,
				47D3424F1FB69AFB0091A724 /* Light Profile Icon.png */,
				47D342501FB69AFB0091A724 /* Light Settings Icon.png */,
				47D3424C1FB69AFA0091A724 /* Location Icon.png */,
				47D342531FB69AFB0091A724 /* Phone Icon.png */,
				47D3424A1FB69AFA0091A724 /* Privacy Icon.png */,
				47D3424E1FB69AFB0091A724 /* Profile Icon.png */,
				47D3424D1FB69AFA0091A724 /* Terms Icon.png */,
				47D342511FB69AFB0091A724 /* Yoobie Finger Logo.png */,
				47D342391FB5A0230091A724 /* Dark Home Icon.png */,
				47D342361FB5A0220091A724 /* Dark Prizes Icon.png */,
				47D3423C1FB5A0230091A724 /* Dark Profile Icon.png */,
				47D3423A1FB5A0230091A724 /* Dark Settings Icon.png */,
				47D3423B1FB5A0230091A724 /* Hamburger New.png */,
				47D342381FB5A0230091A724 /* Jumping Girl FULL HD.JPG */,
				47D342371FB5A0220091A724 /* Light Home Icon.png */,
				47D3421D1FB43B510091A724 /* Mobile Girl FULL HD.JPG */,
			);
			path = images;
			sourceTree = "<group>";
		};
		47D342211FB4FB3E0091A724 /* pages */ = {
			isa = PBXGroup;
			children = (
				47D342241FB4FBA60091A724 /* MainViewController.swift */,
				47D342261FB519450091A724 /* HomeController.swift */,
				47D342281FB5197E0091A724 /* ProfileController.swift */,
				47D3422A1FB519910091A724 /* PrizeController.swift */,
				47D342681FB8E6EC0091A724 /* SettingController.swift */,
				479C3C7F1FBCC48600E2A481 /* SignUpController.swift */,
				476EC6601FBCCF7100E12EAD /* SignInController.swift */,
			);
			path = pages;
			sourceTree = "<group>";
		};
		47D3422E1FB559F80091A724 /* tools */ = {
			isa = PBXGroup;
			children = (
				47D3422F1FB55A130091A724 /* Notify.swift */,
				47D343131FBA6DE40091A724 /* Kit.swift */,
				472608C41FBCF25400FEED90 /* Request.swift */,
				47D343141FBA6DE40091A724 /* Pref.swift */,
				47D343151FBA6DE40091A724 /* Toast.swift */,
			);
			path = tools;
			sourceTree = "<group>";
		};
		47D342311FB560830091A724 /* wedges */ = {
			isa = PBXGroup;
			children = (
				47D342F31FB933BD0091A724 /* waveview */,
				47D342321FB560C40091A724 /* CountdownView.xib */,
				47D342341FB56B170091A724 /* CountdownView.swift */,
				479C3C7D1FBC3AD300E2A481 /* TextInput.swift */,
			);
			path = wedges;
			sourceTree = "<group>";
		};
		47D342451FB66AD40091A724 /* utils */ = {
			isa = PBXGroup;
			children = (
				47D3421F1FB45A8E0091A724 /* PageController.swift */,
				47D342461FB66AFE0091A724 /* RootController.swift */,
			);
			path = utils;
			sourceTree = "<group>";
		};
		47D342F31FB933BD0091A724 /* waveview */ = {
			isa = PBXGroup;
			children = (
				47D342FF1FB982C40091A724 /* TargetWeakProxy.h */,
				47D343041FB982C50091A724 /* TargetWeakProxy.m */,
				47D343011FB982C40091A724 /* Wave.h */,
				47D343031FB982C50091A724 /* WaveProgressView.h */,
				47D342FE1FB982C40091A724 /* WaveProgressView.m */,
				47D343001FB982C40091A724 /* WaveView.h */,
				47D343021FB982C40091A724 /* WaveView.m */,
				47D342F41FB933D80091A724 /* Yoobie-Bridging-Header.h */,
			);
			path = waveview;
			sourceTree = "<group>";
		};
		47D343121FBA6BD30091A724 /* extraPages */ = {
			isa = PBXGroup;
			children = (
				47D343101FBA5F990091A724 /* SplashController.swift */,
				47D343191FBA89E60091A724 /* MenuController.swift */,
				47C754A51FBB9B9200456E85 /* AboutController.swift */,
				47C754A71FBBB3FD00456E85 /* PrivacyController.swift */,
				47C754A91FBBB42200456E85 /* ContactController.swift */,
				47C754AB1FBBB44200456E85 /* TermsController.swift */,
			);
			path = extraPages;
			sourceTree = "<group>";
		};
		6D9FF94B6F4B2EC3D60AD67E /* Pods */ = {
			isa = PBXGroup;
			children = (
				8C63E96F393034648755BE44 /* Pods-Yoobie.debug.xcconfig */,
				013AAE073EC2538D34B91792 /* Pods-Yoobie.release.xcconfig */,
				63CEA93E3F2544F4E3995637 /* Pods-YoobieTests.debug.xcconfig */,
				EF85A21C58F5380C46F53D73 /* Pods-YoobieTests.release.xcconfig */,
				D280BF59C96DAA643228CF25 /* Pods-YoobieUITests.debug.xcconfig */,
				854EFA2C20BC4655643EB7BC /* Pods-YoobieUITests.release.xcconfig */,
			);
			name = Pods;
			sourceTree = "<group>";
		};
/* End PBXGroup section */

/* Begin PBXNativeTarget section */
		47CEE9431FB3ABF8007F1E6A /* Yoobie */ = {
			isa = PBXNativeTarget;
			buildConfigurationList = 47CEE96F1FB3ABF8007F1E6A /* Build configuration list for PBXNativeTarget "Yoobie" */;
			buildPhases = (
				FDD509994EEAF7FBEE265ECD /* [CP] Check Pods Manifest.lock */,
				47CEE9401FB3ABF8007F1E6A /* Sources */,
				47CEE9411FB3ABF8007F1E6A /* Frameworks */,
				47CEE9421FB3ABF8007F1E6A /* Resources */,
				29E5118451561EFB43FBB4C0 /* [CP] Embed Pods Frameworks */,
				C657C03162C2A5F0840B99A5 /* [CP] Copy Pods Resources */,
			);
			buildRules = (
			);
			dependencies = (
			);
			name = Yoobie;
			productName = Yoobie;
			productReference = 47CEE9441FB3ABF8007F1E6A /* Yoobie.app */;
			productType = "com.apple.product-type.application";
		};
		47CEE95A1FB3ABF8007F1E6A /* YoobieTests */ = {
			isa = PBXNativeTarget;
			buildConfigurationList = 47CEE9721FB3ABF8007F1E6A /* Build configuration list for PBXNativeTarget "YoobieTests" */;
			buildPhases = (
				BAAADE33BB8CC8C69D3F8A28 /* [CP] Check Pods Manifest.lock */,
				47CEE9571FB3ABF8007F1E6A /* Sources */,
				47CEE9581FB3ABF8007F1E6A /* Frameworks */,
				47CEE9591FB3ABF8007F1E6A /* Resources */,
				3B1C7942935321264EDA901C /* [CP] Embed Pods Frameworks */,
				6A0A10552CCD01301941DBCB /* [CP] Copy Pods Resources */,
			);
			buildRules = (
			);
			dependencies = (
				47CEE95D1FB3ABF8007F1E6A /* PBXTargetDependency */,
			);
			name = YoobieTests;
			productName = YoobieTests;
			productReference = 47CEE95B1FB3ABF8007F1E6A /* YoobieTests.xctest */;
			productType = "com.apple.product-type.bundle.unit-test";
		};
		47CEE9651FB3ABF8007F1E6A /* YoobieUITests */ = {
			isa = PBXNativeTarget;
			buildConfigurationList = 47CEE9751FB3ABF8007F1E6A /* Build configuration list for PBXNativeTarget "YoobieUITests" */;
			buildPhases = (
				DE734FFCE2914ED6E2BC5285 /* [CP] Check Pods Manifest.lock */,
				47CEE9621FB3ABF8007F1E6A /* Sources */,
				47CEE9631FB3ABF8007F1E6A /* Frameworks */,
				47CEE9641FB3ABF8007F1E6A /* Resources */,
				89F6D08CEC8BCACCDE0AFC6F /* [CP] Embed Pods Frameworks */,
				5FCCE0A3E3531CFDDAF89879 /* [CP] Copy Pods Resources */,
			);
			buildRules = (
			);
			dependencies = (
				47CEE9681FB3ABF8007F1E6A /* PBXTargetDependency */,
			);
			name = YoobieUITests;
			productName = YoobieUITests;
			productReference = 47CEE9661FB3ABF8007F1E6A /* YoobieUITests.xctest */;
			productType = "com.apple.product-type.bundle.ui-testing";
		};
/* End PBXNativeTarget section */

/* Begin PBXProject section */
		47CEE93C1FB3ABF8007F1E6A /* Project object */ = {
			isa = PBXProject;
			attributes = {
				KnownAssetTags = (
					3,
					fhh,
				);
				LastSwiftUpdateCheck = 0910;
				LastUpgradeCheck = 0910;
				ORGANIZATIONNAME = Udenconstruction;
				TargetAttributes = {
					47CEE9431FB3ABF8007F1E6A = {
						CreatedOnToolsVersion = 9.1;
						LastSwiftMigration = 0910;
						ProvisioningStyle = Automatic;
					};
					47CEE95A1FB3ABF8007F1E6A = {
						CreatedOnToolsVersion = 9.1;
						ProvisioningStyle = Automatic;
						TestTargetID = 47CEE9431FB3ABF8007F1E6A;
					};
					47CEE9651FB3ABF8007F1E6A = {
						CreatedOnToolsVersion = 9.1;
						ProvisioningStyle = Automatic;
						TestTargetID = 47CEE9431FB3ABF8007F1E6A;
					};
				};
			};
			buildConfigurationList = 47CEE93F1FB3ABF8007F1E6A /* Build configuration list for PBXProject "Yoobie" */;
			compatibilityVersion = "Xcode 8.0";
			developmentRegion = en;
			hasScannedForEncodings = 0;
			knownRegions = (
				en,
				Base,
			);
			mainGroup = 47CEE93B1FB3ABF8007F1E6A;
			productRefGroup = 47CEE9451FB3ABF8007F1E6A /* Products */;
			projectDirPath = "";
			projectRoot = "";
			targets = (
				47CEE9431FB3ABF8007F1E6A /* Yoobie */,
				47CEE95A1FB3ABF8007F1E6A /* YoobieTests */,
				47CEE9651FB3ABF8007F1E6A /* YoobieUITests */,
			);
		};
/* End PBXProject section */

/* Begin PBXResourcesBuildPhase section */
		47CEE9421FB3ABF8007F1E6A /* Resources */ = {
			isa = PBXResourcesBuildPhase;
			buildActionMask = 2147483647;
			files = (
				47D3425A1FB69AFC0091A724 /* Gender Icon.png in Resources */,
				47D3423E1FB5A0230091A724 /* Light Home Icon.png in Resources */,
				47D3423F1FB5A0230091A724 /* Jumping Girl FULL HD.JPG in Resources */,
				47D342571FB69AFB0091A724 /* Email Icon.png in Resources */,
				47D342591FB69AFC0091A724 /* Privacy Icon.png in Resources */,
				47D342411FB5A0230091A724 /* Dark Settings Icon.png in Resources */,
				47D342431FB5A0230091A724 /* Dark Profile Icon.png in Resources */,
				47D342401FB5A0230091A724 /* Dark Home Icon.png in Resources */,
				47D342581FB69AFC0091A724 /* Light Prizes Icon.png in Resources */,
				47D3425D1FB69AFC0091A724 /* Profile Icon.png in Resources */,
				47D3425C1FB69AFC0091A724 /* Terms Icon.png in Resources */,
				47D342641FB69AFC0091A724 /* Back Arrow.png in Resources */,
				47D3430D1FB9C2300091A724 /* edit_icon.png in Resources */,
				47D3426F1FB8FE270091A724 /* Add Profile Pic 360px.png in Resources */,
				47D3425E1FB69AFC0091A724 /* Light Profile Icon.png in Resources */,
				47D342621FB69AFC0091A724 /* Phone Icon.png in Resources */,
				47D3425F1FB69AFC0091A724 /* Light Settings Icon.png in Resources */,
				479C3C7B1FBC2F7000E2A481 /* Email 75px.png in Resources */,
				47D3425B1FB69AFC0091A724 /* Location Icon.png in Resources */,
				47D342631FB69AFC0091A724 /* About Icon.png in Resources */,
				47D342651FB69AFC0091A724 /* How it works Icon.png in Resources */,
				47D3430B1FB9C0EE0091A724 /* Asset 14@0.5x.png in Resources */,
				47CEE9551FB3ABF8007F1E6A /* LaunchScreen.storyboard in Resources */,
				47CEE9521FB3ABF8007F1E6A /* Assets.xcassets in Resources */,
				47D3426D1FB8EF6A0091A724 /* Replay Icon 360px_1.png in Resources */,
				47D343091FB9900A0091A724 /* Profile Head White 150px.png in Resources */,
				479C3C7C1FBC2F7000E2A481 /* Password 75px.png in Resources */,
				47CEE94D1FB3ABF8007F1E6A /* Main.storyboard in Resources */,
				47D3423D1FB5A0230091A724 /* Dark Prizes Icon.png in Resources */,
				47D3430F1FBA5CAA0091A724 /* BigMac-Print.jpg in Resources */,
				47D342331FB560C40091A724 /* CountdownView.xib in Resources */,
				47D3421E1FB43B510091A724 /* Mobile Girl FULL HD.JPG in Resources */,
				47D342601FB69AFC0091A724 /* Yoobie Finger Logo.png in Resources */,
				47D342611FB69AFC0091A724 /* DOB Icon.png in Resources */,
				47D342421FB5A0230091A724 /* Hamburger New.png in Resources */,
			);
			runOnlyForDeploymentPostprocessing = 0;
		};
		47CEE9591FB3ABF8007F1E6A /* Resources */ = {
			isa = PBXResourcesBuildPhase;
			buildActionMask = 2147483647;
			files = (
			);
			runOnlyForDeploymentPostprocessing = 0;
		};
		47CEE9641FB3ABF8007F1E6A /* Resources */ = {
			isa = PBXResourcesBuildPhase;
			buildActionMask = 2147483647;
			files = (
			);
			runOnlyForDeploymentPostprocessing = 0;
		};
/* End PBXResourcesBuildPhase section */

/* Begin PBXShellScriptBuildPhase section */
		29E5118451561EFB43FBB4C0 /* [CP] Embed Pods Frameworks */ = {
			isa = PBXShellScriptBuildPhase;
			buildActionMask = 2147483647;
			files = (
			);
			inputPaths = (
				"${SRCROOT}/Pods/Target Support Files/Pods-Yoobie/Pods-Yoobie-frameworks.sh",
				"${BUILT_PRODUCTS_DIR}/Alamofire/Alamofire.framework",
			);
			name = "[CP] Embed Pods Frameworks";
			outputPaths = (
				"${TARGET_BUILD_DIR}/${FRAMEWORKS_FOLDER_PATH}/Alamofire.framework",
			);
			runOnlyForDeploymentPostprocessing = 0;
			shellPath = /bin/sh;
			shellScript = "\"${SRCROOT}/Pods/Target Support Files/Pods-Yoobie/Pods-Yoobie-frameworks.sh\"\n";
			showEnvVarsInLog = 0;
		};
		3B1C7942935321264EDA901C /* [CP] Embed Pods Frameworks */ = {
			isa = PBXShellScriptBuildPhase;
			buildActionMask = 2147483647;
			files = (
			);
			inputPaths = (
			);
			name = "[CP] Embed Pods Frameworks";
			outputPaths = (
			);
			runOnlyForDeploymentPostprocessing = 0;
			shellPath = /bin/sh;
			shellScript = "\"${SRCROOT}/Pods/Target Support Files/Pods-YoobieTests/Pods-YoobieTests-frameworks.sh\"\n";
			showEnvVarsInLog = 0;
		};
		5FCCE0A3E3531CFDDAF89879 /* [CP] Copy Pods Resources */ = {
			isa = PBXShellScriptBuildPhase;
			buildActionMask = 2147483647;
			files = (
			);
			inputPaths = (
			);
			name = "[CP] Copy Pods Resources";
			outputPaths = (
			);
			runOnlyForDeploymentPostprocessing = 0;
			shellPath = /bin/sh;
			shellScript = "\"${SRCROOT}/Pods/Target Support Files/Pods-YoobieUITests/Pods-YoobieUITests-resources.sh\"\n";
			showEnvVarsInLog = 0;
		};
		6A0A10552CCD01301941DBCB /* [CP] Copy Pods Resources */ = {
			isa = PBXShellScriptBuildPhase;
			buildActionMask = 2147483647;
			files = (
			);
			inputPaths = (
			);
			name = "[CP] Copy Pods Resources";
			outputPaths = (
			);
			runOnlyForDeploymentPostprocessing = 0;
			shellPath = /bin/sh;
			shellScript = "\"${SRCROOT}/Pods/Target Support Files/Pods-YoobieTests/Pods-YoobieTests-resources.sh\"\n";
			showEnvVarsInLog = 0;
		};
		89F6D08CEC8BCACCDE0AFC6F /* [CP] Embed Pods Frameworks */ = {
			isa = PBXShellScriptBuildPhase;
			buildActionMask = 2147483647;
			files = (
			);
			inputPaths = (
			);
			name = "[CP] Embed Pods Frameworks";
			outputPaths = (
			);
			runOnlyForDeploymentPostprocessing = 0;
			shellPath = /bin/sh;
			shellScript = "\"${SRCROOT}/Pods/Target Support Files/Pods-YoobieUITests/Pods-YoobieUITests-frameworks.sh\"\n";
			showEnvVarsInLog = 0;
		};
		BAAADE33BB8CC8C69D3F8A28 /* [CP] Check Pods Manifest.lock */ = {
			isa = PBXShellScriptBuildPhase;
			buildActionMask = 2147483647;
			files = (
			);
			inputPaths = (
				"${PODS_PODFILE_DIR_PATH}/Podfile.lock",
				"${PODS_ROOT}/Manifest.lock",
			);
			name = "[CP] Check Pods Manifest.lock";
			outputPaths = (
				"$(DERIVED_FILE_DIR)/Pods-YoobieTests-checkManifestLockResult.txt",
			);
			runOnlyForDeploymentPostprocessing = 0;
			shellPath = /bin/sh;
			shellScript = "diff \"${PODS_PODFILE_DIR_PATH}/Podfile.lock\" \"${PODS_ROOT}/Manifest.lock\" > /dev/null\nif [ $? != 0 ] ; then\n    # print error to STDERR\n    echo \"error: The sandbox is not in sync with the Podfile.lock. Run 'pod install' or update your CocoaPods installation.\" >&2\n    exit 1\nfi\n# This output is used by Xcode 'outputs' to avoid re-running this script phase.\necho \"SUCCESS\" > \"${SCRIPT_OUTPUT_FILE_0}\"\n";
			showEnvVarsInLog = 0;
		};
		C657C03162C2A5F0840B99A5 /* [CP] Copy Pods Resources */ = {
			isa = PBXShellScriptBuildPhase;
			buildActionMask = 2147483647;
			files = (
			);
			inputPaths = (
			);
			name = "[CP] Copy Pods Resources";
			outputPaths = (
			);
			runOnlyForDeploymentPostprocessing = 0;
			shellPath = /bin/sh;
			shellScript = "\"${SRCROOT}/Pods/Target Support Files/Pods-Yoobie/Pods-Yoobie-resources.sh\"\n";
			showEnvVarsInLog = 0;
		};
		DE734FFCE2914ED6E2BC5285 /* [CP] Check Pods Manifest.lock */ = {
			isa = PBXShellScriptBuildPhase;
			buildActionMask = 2147483647;
			files = (
			);
			inputPaths = (
				"${PODS_PODFILE_DIR_PATH}/Podfile.lock",
				"${PODS_ROOT}/Manifest.lock",
			);
			name = "[CP] Check Pods Manifest.lock";
			outputPaths = (
				"$(DERIVED_FILE_DIR)/Pods-YoobieUITests-checkManifestLockResult.txt",
			);
			runOnlyForDeploymentPostprocessing = 0;
			shellPath = /bin/sh;
			shellScript = "diff \"${PODS_PODFILE_DIR_PATH}/Podfile.lock\" \"${PODS_ROOT}/Manifest.lock\" > /dev/null\nif [ $? != 0 ] ; then\n    # print error to STDERR\n    echo \"error: The sandbox is not in sync with the Podfile.lock. Run 'pod install' or update your CocoaPods installation.\" >&2\n    exit 1\nfi\n# This output is used by Xcode 'outputs' to avoid re-running this script phase.\necho \"SUCCESS\" > \"${SCRIPT_OUTPUT_FILE_0}\"\n";
			showEnvVarsInLog = 0;
		};
		FDD509994EEAF7FBEE265ECD /* [CP] Check Pods Manifest.lock */ = {
			isa = PBXShellScriptBuildPhase;
			buildActionMask = 2147483647;
			files = (
			);
			inputPaths = (
				"${PODS_PODFILE_DIR_PATH}/Podfile.lock",
				"${PODS_ROOT}/Manifest.lock",
			);
			name = "[CP] Check Pods Manifest.lock";
			outputPaths = (
				"$(DERIVED_FILE_DIR)/Pods-Yoobie-checkManifestLockResult.txt",
			);
			runOnlyForDeploymentPostprocessing = 0;
			shellPath = /bin/sh;
			shellScript = "diff \"${PODS_PODFILE_DIR_PATH}/Podfile.lock\" \"${PODS_ROOT}/Manifest.lock\" > /dev/null\nif [ $? != 0 ] ; then\n    # print error to STDERR\n    echo \"error: The sandbox is not in sync with the Podfile.lock. Run 'pod install' or update your CocoaPods installation.\" >&2\n    exit 1\nfi\n# This output is used by Xcode 'outputs' to avoid re-running this script phase.\necho \"SUCCESS\" > \"${SCRIPT_OUTPUT_FILE_0}\"\n";
			showEnvVarsInLog = 0;
		};
/* End PBXShellScriptBuildPhase section */

/* Begin PBXSourcesBuildPhase section */
		47CEE9401FB3ABF8007F1E6A /* Sources */ = {
			isa = PBXSourcesBuildPhase;
			buildActionMask = 2147483647;
			files = (
				479C3C801FBCC48600E2A481 /* SignUpController.swift in Sources */,
				47D343171FBA6DE40091A724 /* Pref.swift in Sources */,
				47D343051FB982C50091A724 /* WaveProgressView.m in Sources */,
				476EC6611FBCCF7100E12EAD /* SignInController.swift in Sources */,
				47D342691FB8E6EC0091A724 /* SettingController.swift in Sources */,
				47D342291FB5197E0091A724 /* ProfileController.swift in Sources */,
				47C754AC1FBBB44200456E85 /* TermsController.swift in Sources */,
				47D3431A1FBA89E60091A724 /* MenuController.swift in Sources */,
				47D342201FB45A8E0091A724 /* PageController.swift in Sources */,
				476EC6641FBCDDB900E12EAD /* SignInfo.swift in Sources */,
				47D342471FB66AFE0091A724 /* RootController.swift in Sources */,
				47D342271FB519450091A724 /* HomeController.swift in Sources */,
				47C754AA1FBBB42200456E85 /* ContactController.swift in Sources */,
				47D343181FBA6DE40091A724 /* Toast.swift in Sources */,
				47CEE9501FB3ABF8007F1E6A /* Yoobie.xcdatamodeld in Sources */,
				47D342301FB55A130091A724 /* Notify.swift in Sources */,
				47C754A61FBB9B9200456E85 /* AboutController.swift in Sources */,
				47D342351FB56B170091A724 /* CountdownView.swift in Sources */,
				47CEE9481FB3ABF8007F1E6A /* AppDelegate.swift in Sources */,
				47D343061FB982C50091A724 /* WaveView.m in Sources */,
				47D343071FB982C50091A724 /* TargetWeakProxy.m in Sources */,
				47D343161FBA6DE40091A724 /* Kit.swift in Sources */,
				47C754A81FBBB3FD00456E85 /* PrivacyController.swift in Sources */,
				47D3422B1FB519910091A724 /* PrizeController.swift in Sources */,
				47D342251FB4FBA60091A724 /* MainViewController.swift in Sources */,
				472608C51FBCF25400FEED90 /* Request.swift in Sources */,
				47D343111FBA5F990091A724 /* SplashController.swift in Sources */,
				479C3C7E1FBC3AD300E2A481 /* TextInput.swift in Sources */,
			);
			runOnlyForDeploymentPostprocessing = 0;
		};
		47CEE9571FB3ABF8007F1E6A /* Sources */ = {
			isa = PBXSourcesBuildPhase;
			buildActionMask = 2147483647;
			files = (
				47CEE9601FB3ABF8007F1E6A /* YoobieTests.swift in Sources */,
			);
			runOnlyForDeploymentPostprocessing = 0;
		};
		47CEE9621FB3ABF8007F1E6A /* Sources */ = {
			isa = PBXSourcesBuildPhase;
			buildActionMask = 2147483647;
			files = (
				47CEE96B1FB3ABF8007F1E6A /* YoobieUITests.swift in Sources */,
			);
			runOnlyForDeploymentPostprocessing = 0;
		};
/* End PBXSourcesBuildPhase section */

/* Begin PBXTargetDependency section */
		47CEE95D1FB3ABF8007F1E6A /* PBXTargetDependency */ = {
			isa = PBXTargetDependency;
			target = 47CEE9431FB3ABF8007F1E6A /* Yoobie */;
			targetProxy = 47CEE95C1FB3ABF8007F1E6A /* PBXContainerItemProxy */;
		};
		47CEE9681FB3ABF8007F1E6A /* PBXTargetDependency */ = {
			isa = PBXTargetDependency;
			target = 47CEE9431FB3ABF8007F1E6A /* Yoobie */;
			targetProxy = 47CEE9671FB3ABF8007F1E6A /* PBXContainerItemProxy */;
		};
/* End PBXTargetDependency section */

/* Begin PBXVariantGroup section */
		47CEE94B1FB3ABF8007F1E6A /* Main.storyboard */ = {
			isa = PBXVariantGroup;
			children = (
				47CEE94C1FB3ABF8007F1E6A /* Base */,
			);
			name = Main.storyboard;
			sourceTree = "<group>";
		};
		47CEE9531FB3ABF8007F1E6A /* LaunchScreen.storyboard */ = {
			isa = PBXVariantGroup;
			children = (
				47CEE9541FB3ABF8007F1E6A /* Base */,
			);
			name = LaunchScreen.storyboard;
			sourceTree = "<group>";
		};
/* End PBXVariantGroup section */

/* Begin XCBuildConfiguration section */
		47CEE96D1FB3ABF8007F1E6A /* Debug */ = {
			isa = XCBuildConfiguration;
			buildSettings = {
				ALWAYS_SEARCH_USER_PATHS = NO;
				CLANG_ANALYZER_NONNULL = YES;
				CLANG_ANALYZER_NUMBER_OBJECT_CONVERSION = YES_AGGRESSIVE;
				CLANG_CXX_LANGUAGE_STANDARD = "gnu++14";
				CLANG_CXX_LIBRARY = "libc++";
				CLANG_ENABLE_MODULES = YES;
				CLANG_ENABLE_OBJC_ARC = YES;
				CLANG_WARN_BLOCK_CAPTURE_AUTORELEASING = YES;
				CLANG_WARN_BOOL_CONVERSION = YES;
				CLANG_WARN_COMMA = YES;
				CLANG_WARN_CONSTANT_CONVERSION = YES;
				CLANG_WARN_DIRECT_OBJC_ISA_USAGE = YES_ERROR;
				CLANG_WARN_DOCUMENTATION_COMMENTS = YES;
				CLANG_WARN_EMPTY_BODY = YES;
				CLANG_WARN_ENUM_CONVERSION = YES;
				CLANG_WARN_INFINITE_RECURSION = YES;
				CLANG_WARN_INT_CONVERSION = YES;
				CLANG_WARN_NON_LITERAL_NULL_CONVERSION = YES;
				CLANG_WARN_OBJC_LITERAL_CONVERSION = YES;
				CLANG_WARN_OBJC_ROOT_CLASS = YES_ERROR;
				CLANG_WARN_RANGE_LOOP_ANALYSIS = YES;
				CLANG_WARN_STRICT_PROTOTYPES = YES;
				CLANG_WARN_SUSPICIOUS_MOVE = YES;
				CLANG_WARN_UNGUARDED_AVAILABILITY = YES_AGGRESSIVE;
				CLANG_WARN_UNREACHABLE_CODE = YES;
				CLANG_WARN__DUPLICATE_METHOD_MATCH = YES;
				CODE_SIGN_IDENTITY = "iPhone Developer";
				COPY_PHASE_STRIP = NO;
				DEBUG_INFORMATION_FORMAT = dwarf;
				ENABLE_STRICT_OBJC_MSGSEND = YES;
				ENABLE_TESTABILITY = YES;
				GCC_C_LANGUAGE_STANDARD = gnu11;
				GCC_DYNAMIC_NO_PIC = NO;
				GCC_NO_COMMON_BLOCKS = YES;
				GCC_OPTIMIZATION_LEVEL = 0;
				GCC_PREPROCESSOR_DEFINITIONS = (
					"DEBUG=1",
					"$(inherited)",
				);
				GCC_WARN_64_TO_32_BIT_CONVERSION = YES;
				GCC_WARN_ABOUT_RETURN_TYPE = YES_ERROR;
				GCC_WARN_UNDECLARED_SELECTOR = YES;
				GCC_WARN_UNINITIALIZED_AUTOS = YES_AGGRESSIVE;
				GCC_WARN_UNUSED_FUNCTION = YES;
				GCC_WARN_UNUSED_VARIABLE = YES;
				IPHONEOS_DEPLOYMENT_TARGET = 11.1;
				MTL_ENABLE_DEBUG_INFO = YES;
				ONLY_ACTIVE_ARCH = YES;
				SDKROOT = iphoneos;
				SWIFT_ACTIVE_COMPILATION_CONDITIONS = DEBUG;
				SWIFT_OPTIMIZATION_LEVEL = "-Onone";
			};
			name = Debug;
		};
		47CEE96E1FB3ABF8007F1E6A /* Release */ = {
			isa = XCBuildConfiguration;
			buildSettings = {
				ALWAYS_SEARCH_USER_PATHS = NO;
				CLANG_ANALYZER_NONNULL = YES;
				CLANG_ANALYZER_NUMBER_OBJECT_CONVERSION = YES_AGGRESSIVE;
				CLANG_CXX_LANGUAGE_STANDARD = "gnu++14";
				CLANG_CXX_LIBRARY = "libc++";
				CLANG_ENABLE_MODULES = YES;
				CLANG_ENABLE_OBJC_ARC = YES;
				CLANG_WARN_BLOCK_CAPTURE_AUTORELEASING = YES;
				CLANG_WARN_BOOL_CONVERSION = YES;
				CLANG_WARN_COMMA = YES;
				CLANG_WARN_CONSTANT_CONVERSION = YES;
				CLANG_WARN_DIRECT_OBJC_ISA_USAGE = YES_ERROR;
				CLANG_WARN_DOCUMENTATION_COMMENTS = YES;
				CLANG_WARN_EMPTY_BODY = YES;
				CLANG_WARN_ENUM_CONVERSION = YES;
				CLANG_WARN_INFINITE_RECURSION = YES;
				CLANG_WARN_INT_CONVERSION = YES;
				CLANG_WARN_NON_LITERAL_NULL_CONVERSION = YES;
				CLANG_WARN_OBJC_LITERAL_CONVERSION = YES;
				CLANG_WARN_OBJC_ROOT_CLASS = YES_ERROR;
				CLANG_WARN_RANGE_LOOP_ANALYSIS = YES;
				CLANG_WARN_STRICT_PROTOTYPES = YES;
				CLANG_WARN_SUSPICIOUS_MOVE = YES;
				CLANG_WARN_UNGUARDED_AVAILABILITY = YES_AGGRESSIVE;
				CLANG_WARN_UNREACHABLE_CODE = YES;
				CLANG_WARN__DUPLICATE_METHOD_MATCH = YES;
				CODE_SIGN_IDENTITY = "iPhone Developer";
				COPY_PHASE_STRIP = NO;
				DEBUG_INFORMATION_FORMAT = "dwarf-with-dsym";
				ENABLE_NS_ASSERTIONS = NO;
				ENABLE_STRICT_OBJC_MSGSEND = YES;
				GCC_C_LANGUAGE_STANDARD = gnu11;
				GCC_NO_COMMON_BLOCKS = YES;
				GCC_WARN_64_TO_32_BIT_CONVERSION = YES;
				GCC_WARN_ABOUT_RETURN_TYPE = YES_ERROR;
				GCC_WARN_UNDECLARED_SELECTOR = YES;
				GCC_WARN_UNINITIALIZED_AUTOS = YES_AGGRESSIVE;
				GCC_WARN_UNUSED_FUNCTION = YES;
				GCC_WARN_UNUSED_VARIABLE = YES;
				IPHONEOS_DEPLOYMENT_TARGET = 11.1;
				MTL_ENABLE_DEBUG_INFO = NO;
				SDKROOT = iphoneos;
				SWIFT_OPTIMIZATION_LEVEL = "-Owholemodule";
				VALIDATE_PRODUCT = YES;
			};
			name = Release;
		};
		47CEE9701FB3ABF8007F1E6A /* Debug */ = {
			isa = XCBuildConfiguration;
			baseConfigurationReference = 8C63E96F393034648755BE44 /* Pods-Yoobie.debug.xcconfig */;
			buildSettings = {
				ASSETCATALOG_COMPILER_APPICON_NAME = AppIcon;
				CLANG_ENABLE_MODULES = YES;
				CODE_SIGN_STYLE = Automatic;
				DEVELOPMENT_TEAM = ADSE6Z7B6Q;
				INFOPLIST_FILE = Yoobie/Info.plist;
				IPHONEOS_DEPLOYMENT_TARGET = 10.3;
				LD_RUNPATH_SEARCH_PATHS = "$(inherited) @executable_path/Frameworks";
				PRODUCT_BUNDLE_IDENTIFIER = Udenconstruction.co.nz.Yoobie;
				PRODUCT_NAME = "$(TARGET_NAME)";
				SWIFT_OBJC_BRIDGING_HEADER = "Yoobie/wedges/waveview/Yoobie-Bridging-Header.h";
				SWIFT_OPTIMIZATION_LEVEL = "-Onone";
				SWIFT_VERSION = 4.0;
				TARGETED_DEVICE_FAMILY = 1;
			};
			name = Debug;
		};
		47CEE9711FB3ABF8007F1E6A /* Release */ = {
			isa = XCBuildConfiguration;
			baseConfigurationReference = 013AAE073EC2538D34B91792 /* Pods-Yoobie.release.xcconfig */;
			buildSettings = {
				ASSETCATALOG_COMPILER_APPICON_NAME = AppIcon;
				CLANG_ENABLE_MODULES = YES;
				CODE_SIGN_STYLE = Automatic;
				DEVELOPMENT_TEAM = ADSE6Z7B6Q;
				INFOPLIST_FILE = Yoobie/Info.plist;
				IPHONEOS_DEPLOYMENT_TARGET = 10.3;
				LD_RUNPATH_SEARCH_PATHS = "$(inherited) @executable_path/Frameworks";
				PRODUCT_BUNDLE_IDENTIFIER = Udenconstruction.co.nz.Yoobie;
				PRODUCT_NAME = "$(TARGET_NAME)";
				SWIFT_OBJC_BRIDGING_HEADER = "Yoobie/wedges/waveview/Yoobie-Bridging-Header.h";
				SWIFT_VERSION = 4.0;
				TARGETED_DEVICE_FAMILY = 1;
			};
			name = Release;
		};
		47CEE9731FB3ABF8007F1E6A /* Debug */ = {
			isa = XCBuildConfiguration;
			baseConfigurationReference = 63CEA93E3F2544F4E3995637 /* Pods-YoobieTests.debug.xcconfig */;
			buildSettings = {
				ALWAYS_EMBED_SWIFT_STANDARD_LIBRARIES = YES;
				BUNDLE_LOADER = "$(TEST_HOST)";
				CODE_SIGN_STYLE = Automatic;
				DEVELOPMENT_TEAM = ADSE6Z7B6Q;
				INFOPLIST_FILE = YoobieTests/Info.plist;
				LD_RUNPATH_SEARCH_PATHS = "$(inherited) @executable_path/Frameworks @loader_path/Frameworks";
				PRODUCT_BUNDLE_IDENTIFIER = Udenconstruction.co.nz.YoobieTests;
				PRODUCT_NAME = "$(TARGET_NAME)";
				SWIFT_VERSION = 4.0;
				TARGETED_DEVICE_FAMILY = "1,2";
				TEST_HOST = "$(BUILT_PRODUCTS_DIR)/Yoobie.app/Yoobie";
			};
			name = Debug;
		};
		47CEE9741FB3ABF8007F1E6A /* Release */ = {
			isa = XCBuildConfiguration;
			baseConfigurationReference = EF85A21C58F5380C46F53D73 /* Pods-YoobieTests.release.xcconfig */;
			buildSettings = {
				ALWAYS_EMBED_SWIFT_STANDARD_LIBRARIES = YES;
				BUNDLE_LOADER = "$(TEST_HOST)";
				CODE_SIGN_STYLE = Automatic;
				DEVELOPMENT_TEAM = ADSE6Z7B6Q;
				INFOPLIST_FILE = YoobieTests/Info.plist;
				LD_RUNPATH_SEARCH_PATHS = "$(inherited) @executable_path/Frameworks @loader_path/Frameworks";
				PRODUCT_BUNDLE_IDENTIFIER = Udenconstruction.co.nz.YoobieTests;
				PRODUCT_NAME = "$(TARGET_NAME)";
				SWIFT_VERSION = 4.0;
				TARGETED_DEVICE_FAMILY = "1,2";
				TEST_HOST = "$(BUILT_PRODUCTS_DIR)/Yoobie.app/Yoobie";
			};
			name = Release;
		};
		47CEE9761FB3ABF8007F1E6A /* Debug */ = {
			isa = XCBuildConfiguration;
			baseConfigurationReference = D280BF59C96DAA643228CF25 /* Pods-YoobieUITests.debug.xcconfig */;
			buildSettings = {
				ALWAYS_EMBED_SWIFT_STANDARD_LIBRARIES = YES;
				CODE_SIGN_STYLE = Automatic;
				DEVELOPMENT_TEAM = ADSE6Z7B6Q;
				INFOPLIST_FILE = YoobieUITests/Info.plist;
				LD_RUNPATH_SEARCH_PATHS = "$(inherited) @executable_path/Frameworks @loader_path/Frameworks";
				PRODUCT_BUNDLE_IDENTIFIER = Udenconstruction.co.nz.YoobieUITests;
				PRODUCT_NAME = "$(TARGET_NAME)";
				SWIFT_VERSION = 4.0;
				TARGETED_DEVICE_FAMILY = "1,2";
				TEST_TARGET_NAME = Yoobie;
			};
			name = Debug;
		};
		47CEE9771FB3ABF8007F1E6A /* Release */ = {
			isa = XCBuildConfiguration;
			baseConfigurationReference = 854EFA2C20BC4655643EB7BC /* Pods-YoobieUITests.release.xcconfig */;
			buildSettings = {
				ALWAYS_EMBED_SWIFT_STANDARD_LIBRARIES = YES;
				CODE_SIGN_STYLE = Automatic;
				DEVELOPMENT_TEAM = ADSE6Z7B6Q;
				INFOPLIST_FILE = YoobieUITests/Info.plist;
				LD_RUNPATH_SEARCH_PATHS = "$(inherited) @executable_path/Frameworks @loader_path/Frameworks";
				PRODUCT_BUNDLE_IDENTIFIER = Udenconstruction.co.nz.YoobieUITests;
				PRODUCT_NAME = "$(TARGET_NAME)";
				SWIFT_VERSION = 4.0;
				TARGETED_DEVICE_FAMILY = "1,2";
				TEST_TARGET_NAME = Yoobie;
			};
			name = Release;
		};
/* End XCBuildConfiguration section */

/* Begin XCConfigurationList section */
		47CEE93F1FB3ABF8007F1E6A /* Build configuration list for PBXProject "Yoobie" */ = {
			isa = XCConfigurationList;
			buildConfigurations = (
				47CEE96D1FB3ABF8007F1E6A /* Debug */,
				47CEE96E1FB3ABF8007F1E6A /* Release */,
			);
			defaultConfigurationIsVisible = 0;
			defaultConfigurationName = Release;
		};
		47CEE96F1FB3ABF8007F1E6A /* Build configuration list for PBXNativeTarget "Yoobie" */ = {
			isa = XCConfigurationList;
			buildConfigurations = (
				47CEE9701FB3ABF8007F1E6A /* Debug */,
				47CEE9711FB3ABF8007F1E6A /* Release */,
			);
			defaultConfigurationIsVisible = 0;
			defaultConfigurationName = Release;
		};
		47CEE9721FB3ABF8007F1E6A /* Build configuration list for PBXNativeTarget "YoobieTests" */ = {
			isa = XCConfigurationList;
			buildConfigurations = (
				47CEE9731FB3ABF8007F1E6A /* Debug */,
				47CEE9741FB3ABF8007F1E6A /* Release */,
			);
			defaultConfigurationIsVisible = 0;
			defaultConfigurationName = Release;
		};
		47CEE9751FB3ABF8007F1E6A /* Build configuration list for PBXNativeTarget "YoobieUITests" */ = {
			isa = XCConfigurationList;
			buildConfigurations = (
				47CEE9761FB3ABF8007F1E6A /* Debug */,
				47CEE9771FB3ABF8007F1E6A /* Release */,
			);
			defaultConfigurationIsVisible = 0;
			defaultConfigurationName = Release;
		};
/* End XCConfigurationList section */

/* Begin XCVersionGroup section */
		47CEE94E1FB3ABF8007F1E6A /* Yoobie.xcdatamodeld */ = {
			isa = XCVersionGroup;
			children = (
				47CEE94F1FB3ABF8007F1E6A /* Yoobie.xcdatamodel */,
			);
			currentVersion = 47CEE94F1FB3ABF8007F1E6A /* Yoobie.xcdatamodel */;
			path = Yoobie.xcdatamodeld;
			sourceTree = "<group>";
			versionGroupType = wrapper.xcdatamodel;
		};
/* End XCVersionGroup section */
	};
	rootObject = 47CEE93C1FB3ABF8007F1E6A /* Project object */;
}
